// !$*UTF8*$!
{
	archiveVersion = 1;
	classes = {
	};
	objectVersion = 51;
	objects = {

/* Begin PBXBuildFile section */
		54E87146A8181937AADDE920 /* Pods_Todays_Cafe.framework in Frameworks */ = {isa = PBXBuildFile; fileRef = 302FE33CA63BE0C038676A8F /* Pods_Todays_Cafe.framework */; };
		5604FD1626A1DA0F004DC9AF /* b.jpg in Resources */ = {isa = PBXBuildFile; fileRef = 5604FD1326A1DA0F004DC9AF /* b.jpg */; };
		5604FD1726A1DA0F004DC9AF /* a.jpg in Resources */ = {isa = PBXBuildFile; fileRef = 5604FD1426A1DA0F004DC9AF /* a.jpg */; };
		5604FD1826A1DA0F004DC9AF /* c.jpg in Resources */ = {isa = PBXBuildFile; fileRef = 5604FD1526A1DA0F004DC9AF /* c.jpg */; };
		5615B3AF26A91A58005BCE25 /* Tag.swift in Sources */ = {isa = PBXBuildFile; fileRef = 5615B3AE26A91A58005BCE25 /* Tag.swift */; };
		5615B3B226A91C39005BCE25 /* TagViewModel.swift in Sources */ = {isa = PBXBuildFile; fileRef = 5615B3B126A91C39005BCE25 /* TagViewModel.swift */; };
		5615B3BB26A94454005BCE25 /* TagCollectionViewCell.swift in Sources */ = {isa = PBXBuildFile; fileRef = 5615B3BA26A94454005BCE25 /* TagCollectionViewCell.swift */; };
		5620935426E10EA900FC5C65 /* ThemaTabbarViewModel.swift in Sources */ = {isa = PBXBuildFile; fileRef = 5620935326E10EA900FC5C65 /* ThemaTabbarViewModel.swift */; };
		5620935726E10F6A00FC5C65 /* ThemaTabbarCollectionViewCell.swift in Sources */ = {isa = PBXBuildFile; fileRef = 5620935626E10F6A00FC5C65 /* ThemaTabbarCollectionViewCell.swift */; };
		5620935B26E1149800FC5C65 /* RecentSearchThemaViewModel.swift in Sources */ = {isa = PBXBuildFile; fileRef = 5620935A26E1149800FC5C65 /* RecentSearchThemaViewModel.swift */; };
		562CDCB626BC45A800C2906D /* SeoulAreaViewModel.swift in Sources */ = {isa = PBXBuildFile; fileRef = 562CDCB526BC45A800C2906D /* SeoulAreaViewModel.swift */; };
		562CDCB926BC468100C2906D /* AreaCollecionViewCell.swift in Sources */ = {isa = PBXBuildFile; fileRef = 562CDCB826BC468100C2906D /* AreaCollecionViewCell.swift */; };
		562CDCBF26BC4DDC00C2906D /* TagSearchViewController.swift in Sources */ = {isa = PBXBuildFile; fileRef = 562CDCBE26BC4DDC00C2906D /* TagSearchViewController.swift */; };
		5636EFB626C53FC400C61303 /* CafeBlogCellInfo.swift in Sources */ = {isa = PBXBuildFile; fileRef = 5636EFB526C53FC400C61303 /* CafeBlogCellInfo.swift */; };
		5636EFB926C5774400C61303 /* CafeBlogViewModel.swift in Sources */ = {isa = PBXBuildFile; fileRef = 5636EFB826C5774400C61303 /* CafeBlogViewModel.swift */; };
		5636EFBD26C5808F00C61303 /* CafeBlogTableViewCell.swift in Sources */ = {isa = PBXBuildFile; fileRef = 5636EFBC26C5808F00C61303 /* CafeBlogTableViewCell.swift */; };
		56734CCF26A15F87006EB938 /* AppDelegate.swift in Sources */ = {isa = PBXBuildFile; fileRef = 56734CCE26A15F87006EB938 /* AppDelegate.swift */; };
		56734CD126A15F87006EB938 /* SceneDelegate.swift in Sources */ = {isa = PBXBuildFile; fileRef = 56734CD026A15F87006EB938 /* SceneDelegate.swift */; };
		56734CD326A15F87006EB938 /* HomeViewController.swift in Sources */ = {isa = PBXBuildFile; fileRef = 56734CD226A15F87006EB938 /* HomeViewController.swift */; };
		56734CD626A15F87006EB938 /* Main.storyboard in Resources */ = {isa = PBXBuildFile; fileRef = 56734CD426A15F87006EB938 /* Main.storyboard */; };
		56734CD826A15F88006EB938 /* Assets.xcassets in Resources */ = {isa = PBXBuildFile; fileRef = 56734CD726A15F88006EB938 /* Assets.xcassets */; };
		56734CDB26A15F88006EB938 /* LaunchScreen.storyboard in Resources */ = {isa = PBXBuildFile; fileRef = 56734CD926A15F88006EB938 /* LaunchScreen.storyboard */; };
		567DE50026AFAAC800BA8594 /* Banner.swift in Sources */ = {isa = PBXBuildFile; fileRef = 567DE4FF26AFAAC800BA8594 /* Banner.swift */; };
		567DE50326AFAF2B00BA8594 /* BannerViewModel.swift in Sources */ = {isa = PBXBuildFile; fileRef = 567DE50226AFAF2B00BA8594 /* BannerViewModel.swift */; };
		5695EA5127035BA9003FDCA2 /* NetworkError.swift in Sources */ = {isa = PBXBuildFile; fileRef = 5695EA5027035BA9003FDCA2 /* NetworkError.swift */; };
		56A1BB2326DF680A004F790A /* RecentSearchTagModel.xcdatamodeld in Sources */ = {isa = PBXBuildFile; fileRef = 56A1BB2126DF680A004F790A /* RecentSearchTagModel.xcdatamodeld */; };
		56A1BB2926DF9B4D004F790A /* CoreDataManager.swift in Sources */ = {isa = PBXBuildFile; fileRef = 56A1BB2826DF9B4D004F790A /* CoreDataManager.swift */; };
		56A1BB3626DFDE5E004F790A /* RecentSearchTag+CoreDataClass.swift in Sources */ = {isa = PBXBuildFile; fileRef = 56A1BB3426DFDE5E004F790A /* RecentSearchTag+CoreDataClass.swift */; };
		56A1BB3726DFDE5E004F790A /* RecentSearchTag+CoreDataProperties.swift in Sources */ = {isa = PBXBuildFile; fileRef = 56A1BB3526DFDE5E004F790A /* RecentSearchTag+CoreDataProperties.swift */; };
		56C8FC1C26B5205D00CC700A /* AreaSearchViewController.swift in Sources */ = {isa = PBXBuildFile; fileRef = 56C8FC1B26B5205D00CC700A /* AreaSearchViewController.swift */; };
		56CFEFD626CCD98B000C65D1 /* CafeBlogDetailViewController.swift in Sources */ = {isa = PBXBuildFile; fileRef = 56CFEFD526CCD98B000C65D1 /* CafeBlogDetailViewController.swift */; };
		56D2AC5126BA9E2200BC6F0D /* ThemaCollectionViewCell.swift in Sources */ = {isa = PBXBuildFile; fileRef = 56D2AC5026BA9E2200BC6F0D /* ThemaCollectionViewCell.swift */; };
		56D2AC5426BA9E3700BC6F0D /* RecommendationThemaViewModel.swift in Sources */ = {isa = PBXBuildFile; fileRef = 56D2AC5326BA9E3700BC6F0D /* RecommendationThemaViewModel.swift */; };
		56E3424F26C1301200902F3D /* CafeBlogTableViewController.swift in Sources */ = {isa = PBXBuildFile; fileRef = 56E3424E26C1301200902F3D /* CafeBlogTableViewController.swift */; };
		56E4058126DD29DC007E61D6 /* CityTabbarViewModel.swift in Sources */ = {isa = PBXBuildFile; fileRef = 56E4058026DD29DC007E61D6 /* CityTabbarViewModel.swift */; };
		56E4058426DD2ED2007E61D6 /* CityTabbarCollectionViewCell.swift in Sources */ = {isa = PBXBuildFile; fileRef = 56E4058326DD2ED2007E61D6 /* CityTabbarCollectionViewCell.swift */; };
		56E4058926DD38AF007E61D6 /* GyeonggiAreaViewModel.swift in Sources */ = {isa = PBXBuildFile; fileRef = 56E4058826DD38AF007E61D6 /* GyeonggiAreaViewModel.swift */; };
		56E4058C26DD38EB007E61D6 /* IncheonAreaViewModel.swift in Sources */ = {isa = PBXBuildFile; fileRef = 56E4058B26DD38EB007E61D6 /* IncheonAreaViewModel.swift */; };
/* End PBXBuildFile section */

/* Begin PBXFileReference section */
		302FE33CA63BE0C038676A8F /* Pods_Todays_Cafe.framework */ = {isa = PBXFileReference; explicitFileType = wrapper.framework; includeInIndex = 0; path = Pods_Todays_Cafe.framework; sourceTree = BUILT_PRODUCTS_DIR; };
		5604FD1326A1DA0F004DC9AF /* b.jpg */ = {isa = PBXFileReference; lastKnownFileType = image.jpeg; path = b.jpg; sourceTree = "<group>"; };
		5604FD1426A1DA0F004DC9AF /* a.jpg */ = {isa = PBXFileReference; lastKnownFileType = image.jpeg; path = a.jpg; sourceTree = "<group>"; };
		5604FD1526A1DA0F004DC9AF /* c.jpg */ = {isa = PBXFileReference; lastKnownFileType = image.jpeg; path = c.jpg; sourceTree = "<group>"; };
		5615B3AE26A91A58005BCE25 /* Tag.swift */ = {isa = PBXFileReference; lastKnownFileType = sourcecode.swift; path = Tag.swift; sourceTree = "<group>"; };
		5615B3B126A91C39005BCE25 /* TagViewModel.swift */ = {isa = PBXFileReference; lastKnownFileType = sourcecode.swift; path = TagViewModel.swift; sourceTree = "<group>"; };
		5615B3BA26A94454005BCE25 /* TagCollectionViewCell.swift */ = {isa = PBXFileReference; lastKnownFileType = sourcecode.swift; path = TagCollectionViewCell.swift; sourceTree = "<group>"; };
		5620935326E10EA900FC5C65 /* ThemaTabbarViewModel.swift */ = {isa = PBXFileReference; lastKnownFileType = sourcecode.swift; path = ThemaTabbarViewModel.swift; sourceTree = "<group>"; };
		5620935626E10F6A00FC5C65 /* ThemaTabbarCollectionViewCell.swift */ = {isa = PBXFileReference; lastKnownFileType = sourcecode.swift; path = ThemaTabbarCollectionViewCell.swift; sourceTree = "<group>"; };
		5620935A26E1149800FC5C65 /* RecentSearchThemaViewModel.swift */ = {isa = PBXFileReference; lastKnownFileType = sourcecode.swift; path = RecentSearchThemaViewModel.swift; sourceTree = "<group>"; };
		562CDCB526BC45A800C2906D /* SeoulAreaViewModel.swift */ = {isa = PBXFileReference; lastKnownFileType = sourcecode.swift; path = SeoulAreaViewModel.swift; sourceTree = "<group>"; };
		562CDCB826BC468100C2906D /* AreaCollecionViewCell.swift */ = {isa = PBXFileReference; lastKnownFileType = sourcecode.swift; path = AreaCollecionViewCell.swift; sourceTree = "<group>"; };
		562CDCBE26BC4DDC00C2906D /* TagSearchViewController.swift */ = {isa = PBXFileReference; lastKnownFileType = sourcecode.swift; path = TagSearchViewController.swift; sourceTree = "<group>"; };
		5636EFB526C53FC400C61303 /* CafeBlogCellInfo.swift */ = {isa = PBXFileReference; lastKnownFileType = sourcecode.swift; path = CafeBlogCellInfo.swift; sourceTree = "<group>"; };
		5636EFB826C5774400C61303 /* CafeBlogViewModel.swift */ = {isa = PBXFileReference; lastKnownFileType = sourcecode.swift; path = CafeBlogViewModel.swift; sourceTree = "<group>"; };
		5636EFBC26C5808F00C61303 /* CafeBlogTableViewCell.swift */ = {isa = PBXFileReference; lastKnownFileType = sourcecode.swift; path = CafeBlogTableViewCell.swift; sourceTree = "<group>"; };
		56734CCB26A15F87006EB938 /* Todays_Cafe.app */ = {isa = PBXFileReference; explicitFileType = wrapper.application; includeInIndex = 0; path = Todays_Cafe.app; sourceTree = BUILT_PRODUCTS_DIR; };
		56734CCE26A15F87006EB938 /* AppDelegate.swift */ = {isa = PBXFileReference; lastKnownFileType = sourcecode.swift; path = AppDelegate.swift; sourceTree = "<group>"; };
		56734CD026A15F87006EB938 /* SceneDelegate.swift */ = {isa = PBXFileReference; lastKnownFileType = sourcecode.swift; path = SceneDelegate.swift; sourceTree = "<group>"; };
		56734CD226A15F87006EB938 /* HomeViewController.swift */ = {isa = PBXFileReference; lastKnownFileType = sourcecode.swift; path = HomeViewController.swift; sourceTree = "<group>"; };
		56734CD526A15F87006EB938 /* Base */ = {isa = PBXFileReference; lastKnownFileType = file.storyboard; name = Base; path = Base.lproj/Main.storyboard; sourceTree = "<group>"; };
		56734CD726A15F88006EB938 /* Assets.xcassets */ = {isa = PBXFileReference; lastKnownFileType = folder.assetcatalog; path = Assets.xcassets; sourceTree = "<group>"; };
		56734CDA26A15F88006EB938 /* Base */ = {isa = PBXFileReference; lastKnownFileType = file.storyboard; name = Base; path = Base.lproj/LaunchScreen.storyboard; sourceTree = "<group>"; };
		56734CDC26A15F88006EB938 /* Info.plist */ = {isa = PBXFileReference; lastKnownFileType = text.plist.xml; path = Info.plist; sourceTree = "<group>"; };
		567DE4FF26AFAAC800BA8594 /* Banner.swift */ = {isa = PBXFileReference; lastKnownFileType = sourcecode.swift; path = Banner.swift; sourceTree = "<group>"; };
		567DE50226AFAF2B00BA8594 /* BannerViewModel.swift */ = {isa = PBXFileReference; lastKnownFileType = sourcecode.swift; path = BannerViewModel.swift; sourceTree = "<group>"; };
		5695EA5027035BA9003FDCA2 /* NetworkError.swift */ = {isa = PBXFileReference; lastKnownFileType = sourcecode.swift; path = NetworkError.swift; sourceTree = "<group>"; };
		56A1BB2226DF680A004F790A /* RecentSearchTagMoel.xcdatamodel */ = {isa = PBXFileReference; lastKnownFileType = wrapper.xcdatamodel; path = RecentSearchTagMoel.xcdatamodel; sourceTree = "<group>"; };
		56A1BB2826DF9B4D004F790A /* CoreDataManager.swift */ = {isa = PBXFileReference; lastKnownFileType = sourcecode.swift; path = CoreDataManager.swift; sourceTree = "<group>"; };
		56A1BB3426DFDE5E004F790A /* RecentSearchTag+CoreDataClass.swift */ = {isa = PBXFileReference; lastKnownFileType = sourcecode.swift; path = "RecentSearchTag+CoreDataClass.swift"; sourceTree = SOURCE_ROOT; };
		56A1BB3526DFDE5E004F790A /* RecentSearchTag+CoreDataProperties.swift */ = {isa = PBXFileReference; lastKnownFileType = sourcecode.swift; path = "RecentSearchTag+CoreDataProperties.swift"; sourceTree = SOURCE_ROOT; };
		56C8FC1B26B5205D00CC700A /* AreaSearchViewController.swift */ = {isa = PBXFileReference; lastKnownFileType = sourcecode.swift; path = AreaSearchViewController.swift; sourceTree = "<group>"; };
		56CFEFD526CCD98B000C65D1 /* CafeBlogDetailViewController.swift */ = {isa = PBXFileReference; lastKnownFileType = sourcecode.swift; path = CafeBlogDetailViewController.swift; sourceTree = "<group>"; };
		56D2AC5026BA9E2200BC6F0D /* ThemaCollectionViewCell.swift */ = {isa = PBXFileReference; lastKnownFileType = sourcecode.swift; path = ThemaCollectionViewCell.swift; sourceTree = "<group>"; };
		56D2AC5326BA9E3700BC6F0D /* RecommendationThemaViewModel.swift */ = {isa = PBXFileReference; lastKnownFileType = sourcecode.swift; path = RecommendationThemaViewModel.swift; sourceTree = "<group>"; };
		56E3424E26C1301200902F3D /* CafeBlogTableViewController.swift */ = {isa = PBXFileReference; lastKnownFileType = sourcecode.swift; path = CafeBlogTableViewController.swift; sourceTree = "<group>"; };
		56E4058026DD29DC007E61D6 /* CityTabbarViewModel.swift */ = {isa = PBXFileReference; lastKnownFileType = sourcecode.swift; path = CityTabbarViewModel.swift; sourceTree = "<group>"; };
		56E4058326DD2ED2007E61D6 /* CityTabbarCollectionViewCell.swift */ = {isa = PBXFileReference; lastKnownFileType = sourcecode.swift; path = CityTabbarCollectionViewCell.swift; sourceTree = "<group>"; };
		56E4058826DD38AF007E61D6 /* GyeonggiAreaViewModel.swift */ = {isa = PBXFileReference; lastKnownFileType = sourcecode.swift; path = GyeonggiAreaViewModel.swift; sourceTree = "<group>"; };
		56E4058B26DD38EB007E61D6 /* IncheonAreaViewModel.swift */ = {isa = PBXFileReference; lastKnownFileType = sourcecode.swift; path = IncheonAreaViewModel.swift; sourceTree = "<group>"; };
		5ABE1146437B20F335C6115E /* Pods-Todays_Cafe.debug.xcconfig */ = {isa = PBXFileReference; includeInIndex = 1; lastKnownFileType = text.xcconfig; name = "Pods-Todays_Cafe.debug.xcconfig"; path = "Target Support Files/Pods-Todays_Cafe/Pods-Todays_Cafe.debug.xcconfig"; sourceTree = "<group>"; };
		B4BB02AA72C42A975256BE27 /* Pods-Todays_Cafe.release.xcconfig */ = {isa = PBXFileReference; includeInIndex = 1; lastKnownFileType = text.xcconfig; name = "Pods-Todays_Cafe.release.xcconfig"; path = "Target Support Files/Pods-Todays_Cafe/Pods-Todays_Cafe.release.xcconfig"; sourceTree = "<group>"; };
/* End PBXFileReference section */

/* Begin PBXFrameworksBuildPhase section */
		56734CC826A15F87006EB938 /* Frameworks */ = {
			isa = PBXFrameworksBuildPhase;
			buildActionMask = 2147483647;
			files = (
				54E87146A8181937AADDE920 /* Pods_Todays_Cafe.framework in Frameworks */,
			);
			runOnlyForDeploymentPostprocessing = 0;
		};
/* End PBXFrameworksBuildPhase section */

/* Begin PBXGroup section */
		2B06376F4F139F2CEABECCDB /* Pods */ = {
			isa = PBXGroup;
			children = (
				5ABE1146437B20F335C6115E /* Pods-Todays_Cafe.debug.xcconfig */,
				B4BB02AA72C42A975256BE27 /* Pods-Todays_Cafe.release.xcconfig */,
			);
			path = Pods;
			sourceTree = "<group>";
		};
		5602E5B126B14A9500553DFE /* Image */ = {
			isa = PBXGroup;
			children = (
				5604FD1426A1DA0F004DC9AF /* a.jpg */,
				5604FD1326A1DA0F004DC9AF /* b.jpg */,
				5604FD1526A1DA0F004DC9AF /* c.jpg */,
			);
			path = Image;
			sourceTree = "<group>";
		};
		5604FD1226A1D953004DC9AF /* Resource */ = {
			isa = PBXGroup;
			children = (
				5602E5B126B14A9500553DFE /* Image */,
				56734CD726A15F88006EB938 /* Assets.xcassets */,
				56734CDC26A15F88006EB938 /* Info.plist */,
			);
			path = Resource;
			sourceTree = "<group>";
		};
		56734CC226A15F87006EB938 = {
			isa = PBXGroup;
			children = (
				56734CCD26A15F87006EB938 /* TodaysCafe */,
				56734CCC26A15F87006EB938 /* Products */,
				2B06376F4F139F2CEABECCDB /* Pods */,
				E1D7C5127BFA313E49D2C483 /* Frameworks */,
			);
			sourceTree = "<group>";
		};
		56734CCC26A15F87006EB938 /* Products */ = {
			isa = PBXGroup;
			children = (
				56734CCB26A15F87006EB938 /* Todays_Cafe.app */,
			);
			name = Products;
			sourceTree = "<group>";
		};
		56734CCD26A15F87006EB938 /* TodaysCafe */ = {
			isa = PBXGroup;
			children = (
				569FB48126A7E68200A93B08 /* Model */,
				569FB48226A7E6A400A93B08 /* VIewModel */,
				569FB47F26A7E65100A93B08 /* View */,
				569FB48026A7E65B00A93B08 /* Controller */,
				56A1BB2526DF92AC004F790A /* CoreData */,
				56A1BB2726DF9B3D004F790A /* CoreDataManager */,
				5695EA4F27035AD1003FDCA2 /* Error */,
				569FB48326A7E72F00A93B08 /* AppDelegate */,
				5604FD1226A1D953004DC9AF /* Resource */,
			);
			path = TodaysCafe;
			sourceTree = "<group>";
		};
		5695EA4F27035AD1003FDCA2 /* Error */ = {
			isa = PBXGroup;
			children = (
				5695EA5027035BA9003FDCA2 /* NetworkError.swift */,
			);
			path = Error;
			sourceTree = "<group>";
		};
		569FB47F26A7E65100A93B08 /* View */ = {
			isa = PBXGroup;
			children = (
				56734CD926A15F88006EB938 /* LaunchScreen.storyboard */,
				56734CD426A15F87006EB938 /* Main.storyboard */,
				5615B3BA26A94454005BCE25 /* TagCollectionViewCell.swift */,
				56D2AC5026BA9E2200BC6F0D /* ThemaCollectionViewCell.swift */,
				562CDCB826BC468100C2906D /* AreaCollecionViewCell.swift */,
				5636EFBC26C5808F00C61303 /* CafeBlogTableViewCell.swift */,
				56E4058326DD2ED2007E61D6 /* CityTabbarCollectionViewCell.swift */,
				5620935626E10F6A00FC5C65 /* ThemaTabbarCollectionViewCell.swift */,
			);
			path = View;
			sourceTree = "<group>";
		};
		569FB48026A7E65B00A93B08 /* Controller */ = {
			isa = PBXGroup;
			children = (
				56734CD226A15F87006EB938 /* HomeViewController.swift */,
				56C8FC1B26B5205D00CC700A /* AreaSearchViewController.swift */,
				562CDCBE26BC4DDC00C2906D /* TagSearchViewController.swift */,
				56E3424E26C1301200902F3D /* CafeBlogTableViewController.swift */,
				56CFEFD526CCD98B000C65D1 /* CafeBlogDetailViewController.swift */,
			);
			path = Controller;
			sourceTree = "<group>";
		};
		569FB48126A7E68200A93B08 /* Model */ = {
			isa = PBXGroup;
			children = (
				567DE4FF26AFAAC800BA8594 /* Banner.swift */,
				5615B3AE26A91A58005BCE25 /* Tag.swift */,
				5636EFB526C53FC400C61303 /* CafeBlogCellInfo.swift */,
				56A1BB3426DFDE5E004F790A /* RecentSearchTag+CoreDataClass.swift */,
				56A1BB3526DFDE5E004F790A /* RecentSearchTag+CoreDataProperties.swift */,
			);
			path = Model;
			sourceTree = "<group>";
		};
		569FB48226A7E6A400A93B08 /* VIewModel */ = {
			isa = PBXGroup;
			children = (
				567DE50226AFAF2B00BA8594 /* BannerViewModel.swift */,
				5615B3B126A91C39005BCE25 /* TagViewModel.swift */,
				5636EFB826C5774400C61303 /* CafeBlogViewModel.swift */,
				56E4058026DD29DC007E61D6 /* CityTabbarViewModel.swift */,
				5620935326E10EA900FC5C65 /* ThemaTabbarViewModel.swift */,
				562CDCB526BC45A800C2906D /* SeoulAreaViewModel.swift */,
				56E4058826DD38AF007E61D6 /* GyeonggiAreaViewModel.swift */,
				56E4058B26DD38EB007E61D6 /* IncheonAreaViewModel.swift */,
				56D2AC5326BA9E3700BC6F0D /* RecommendationThemaViewModel.swift */,
				5620935A26E1149800FC5C65 /* RecentSearchThemaViewModel.swift */,
			);
			path = VIewModel;
			sourceTree = "<group>";
		};
		569FB48326A7E72F00A93B08 /* AppDelegate */ = {
			isa = PBXGroup;
			children = (
				56734CCE26A15F87006EB938 /* AppDelegate.swift */,
				56734CD026A15F87006EB938 /* SceneDelegate.swift */,
			);
			path = AppDelegate;
			sourceTree = "<group>";
		};
		56A1BB2526DF92AC004F790A /* CoreData */ = {
			isa = PBXGroup;
			children = (
				56A1BB2126DF680A004F790A /* RecentSearchTagModel.xcdatamodeld */,
			);
			path = CoreData;
			sourceTree = "<group>";
		};
		56A1BB2726DF9B3D004F790A /* CoreDataManager */ = {
			isa = PBXGroup;
			children = (
				56A1BB2826DF9B4D004F790A /* CoreDataManager.swift */,
			);
			path = CoreDataManager;
			sourceTree = "<group>";
		};
		E1D7C5127BFA313E49D2C483 /* Frameworks */ = {
			isa = PBXGroup;
			children = (
				302FE33CA63BE0C038676A8F /* Pods_Todays_Cafe.framework */,
			);
			name = Frameworks;
			sourceTree = "<group>";
		};
/* End PBXGroup section */

/* Begin PBXNativeTarget section */
		56734CCA26A15F87006EB938 /* Todays_Cafe */ = {
			isa = PBXNativeTarget;
			buildConfigurationList = 56734CDF26A15F88006EB938 /* Build configuration list for PBXNativeTarget "Todays_Cafe" */;
			buildPhases = (
				8DD50B1B9B996466E24C74F1 /* [CP] Check Pods Manifest.lock */,
				56734CC726A15F87006EB938 /* Sources */,
				56734CC826A15F87006EB938 /* Frameworks */,
				56734CC926A15F87006EB938 /* Resources */,
				B4CCD60A425C5802BA60DC9C /* [CP] Embed Pods Frameworks */,
			);
			buildRules = (
			);
			dependencies = (
			);
			name = Todays_Cafe;
			productName = Todays_Cafe;
			productReference = 56734CCB26A15F87006EB938 /* Todays_Cafe.app */;
			productType = "com.apple.product-type.application";
		};
/* End PBXNativeTarget section */

/* Begin PBXProject section */
		56734CC326A15F87006EB938 /* Project object */ = {
			isa = PBXProject;
			attributes = {
				LastSwiftUpdateCheck = 1240;
				LastUpgradeCheck = 1240;
				TargetAttributes = {
					56734CCA26A15F87006EB938 = {
						CreatedOnToolsVersion = 12.4;
					};
				};
			};
			buildConfigurationList = 56734CC626A15F87006EB938 /* Build configuration list for PBXProject "TodaysCafe" */;
			compatibilityVersion = "Xcode 9.3";
			developmentRegion = en;
			hasScannedForEncodings = 0;
			knownRegions = (
				en,
				Base,
			);
			mainGroup = 56734CC226A15F87006EB938;
			productRefGroup = 56734CCC26A15F87006EB938 /* Products */;
			projectDirPath = "";
			projectRoot = "";
			targets = (
				56734CCA26A15F87006EB938 /* Todays_Cafe */,
			);
		};
/* End PBXProject section */

/* Begin PBXResourcesBuildPhase section */
		56734CC926A15F87006EB938 /* Resources */ = {
			isa = PBXResourcesBuildPhase;
			buildActionMask = 2147483647;
			files = (
				56734CDB26A15F88006EB938 /* LaunchScreen.storyboard in Resources */,
				56734CD826A15F88006EB938 /* Assets.xcassets in Resources */,
				5604FD1626A1DA0F004DC9AF /* b.jpg in Resources */,
				5604FD1826A1DA0F004DC9AF /* c.jpg in Resources */,
				5604FD1726A1DA0F004DC9AF /* a.jpg in Resources */,
				56734CD626A15F87006EB938 /* Main.storyboard in Resources */,
			);
			runOnlyForDeploymentPostprocessing = 0;
		};
/* End PBXResourcesBuildPhase section */

/* Begin PBXShellScriptBuildPhase section */
		8DD50B1B9B996466E24C74F1 /* [CP] Check Pods Manifest.lock */ = {
			isa = PBXShellScriptBuildPhase;
			buildActionMask = 2147483647;
			files = (
			);
			inputFileListPaths = (
			);
			inputPaths = (
				"${PODS_PODFILE_DIR_PATH}/Podfile.lock",
				"${PODS_ROOT}/Manifest.lock",
			);
			name = "[CP] Check Pods Manifest.lock";
			outputFileListPaths = (
			);
			outputPaths = (
				"$(DERIVED_FILE_DIR)/Pods-Todays_Cafe-checkManifestLockResult.txt",
			);
			runOnlyForDeploymentPostprocessing = 0;
			shellPath = /bin/sh;
			shellScript = "diff \"${PODS_PODFILE_DIR_PATH}/Podfile.lock\" \"${PODS_ROOT}/Manifest.lock\" > /dev/null\nif [ $? != 0 ] ; then\n    # print error to STDERR\n    echo \"error: The sandbox is not in sync with the Podfile.lock. Run 'pod install' or update your CocoaPods installation.\" >&2\n    exit 1\nfi\n# This output is used by Xcode 'outputs' to avoid re-running this script phase.\necho \"SUCCESS\" > \"${SCRIPT_OUTPUT_FILE_0}\"\n";
			showEnvVarsInLog = 0;
		};
		B4CCD60A425C5802BA60DC9C /* [CP] Embed Pods Frameworks */ = {
			isa = PBXShellScriptBuildPhase;
			buildActionMask = 2147483647;
			files = (
			);
			inputFileListPaths = (
				"${PODS_ROOT}/Target Support Files/Pods-Todays_Cafe/Pods-Todays_Cafe-frameworks-${CONFIGURATION}-input-files.xcfilelist",
			);
			name = "[CP] Embed Pods Frameworks";
			outputFileListPaths = (
				"${PODS_ROOT}/Target Support Files/Pods-Todays_Cafe/Pods-Todays_Cafe-frameworks-${CONFIGURATION}-output-files.xcfilelist",
			);
			runOnlyForDeploymentPostprocessing = 0;
			shellPath = /bin/sh;
			shellScript = "\"${PODS_ROOT}/Target Support Files/Pods-Todays_Cafe/Pods-Todays_Cafe-frameworks.sh\"\n";
			showEnvVarsInLog = 0;
		};
/* End PBXShellScriptBuildPhase section */

/* Begin PBXSourcesBuildPhase section */
		56734CC726A15F87006EB938 /* Sources */ = {
			isa = PBXSourcesBuildPhase;
			buildActionMask = 2147483647;
			files = (
				5620935B26E1149800FC5C65 /* RecentSearchThemaViewModel.swift in Sources */,
				5636EFBD26C5808F00C61303 /* CafeBlogTableViewCell.swift in Sources */,
				5636EFB926C5774400C61303 /* CafeBlogViewModel.swift in Sources */,
				5636EFB626C53FC400C61303 /* CafeBlogCellInfo.swift in Sources */,
				56A1BB3626DFDE5E004F790A /* RecentSearchTag+CoreDataClass.swift in Sources */,
				5695EA5127035BA9003FDCA2 /* NetworkError.swift in Sources */,
				56C8FC1C26B5205D00CC700A /* AreaSearchViewController.swift in Sources */,
				56A1BB3726DFDE5E004F790A /* RecentSearchTag+CoreDataProperties.swift in Sources */,
				56E4058126DD29DC007E61D6 /* CityTabbarViewModel.swift in Sources */,
				5615B3B226A91C39005BCE25 /* TagViewModel.swift in Sources */,
				5620935426E10EA900FC5C65 /* ThemaTabbarViewModel.swift in Sources */,
				5615B3AF26A91A58005BCE25 /* Tag.swift in Sources */,
				567DE50326AFAF2B00BA8594 /* BannerViewModel.swift in Sources */,
				56CFEFD626CCD98B000C65D1 /* CafeBlogDetailViewController.swift in Sources */,
				56E4058926DD38AF007E61D6 /* GyeonggiAreaViewModel.swift in Sources */,
				5615B3BB26A94454005BCE25 /* TagCollectionViewCell.swift in Sources */,
				562CDCB626BC45A800C2906D /* SeoulAreaViewModel.swift in Sources */,
				56D2AC5126BA9E2200BC6F0D /* ThemaCollectionViewCell.swift in Sources */,
				5620935726E10F6A00FC5C65 /* ThemaTabbarCollectionViewCell.swift in Sources */,
				56A1BB2326DF680A004F790A /* RecentSearchTagModel.xcdatamodeld in Sources */,
				56E4058C26DD38EB007E61D6 /* IncheonAreaViewModel.swift in Sources */,
				562CDCBF26BC4DDC00C2906D /* TagSearchViewController.swift in Sources */,
				56734CD326A15F87006EB938 /* HomeViewController.swift in Sources */,
				56E3424F26C1301200902F3D /* CafeBlogTableViewController.swift in Sources */,
				562CDCB926BC468100C2906D /* AreaCollecionViewCell.swift in Sources */,
				56A1BB2926DF9B4D004F790A /* CoreDataManager.swift in Sources */,
				56E4058426DD2ED2007E61D6 /* CityTabbarCollectionViewCell.swift in Sources */,
				567DE50026AFAAC800BA8594 /* Banner.swift in Sources */,
				56D2AC5426BA9E3700BC6F0D /* RecommendationThemaViewModel.swift in Sources */,
				56734CCF26A15F87006EB938 /* AppDelegate.swift in Sources */,
				56734CD126A15F87006EB938 /* SceneDelegate.swift in Sources */,
			);
			runOnlyForDeploymentPostprocessing = 0;
		};
/* End PBXSourcesBuildPhase section */

/* Begin PBXVariantGroup section */
		56734CD426A15F87006EB938 /* Main.storyboard */ = {
			isa = PBXVariantGroup;
			children = (
				56734CD526A15F87006EB938 /* Base */,
			);
			name = Main.storyboard;
			sourceTree = "<group>";
		};
		56734CD926A15F88006EB938 /* LaunchScreen.storyboard */ = {
			isa = PBXVariantGroup;
			children = (
				56734CDA26A15F88006EB938 /* Base */,
			);
			name = LaunchScreen.storyboard;
			sourceTree = "<group>";
		};
/* End PBXVariantGroup section */

/* Begin XCBuildConfiguration section */
		56734CDD26A15F88006EB938 /* Debug */ = {
			isa = XCBuildConfiguration;
			buildSettings = {
				ALWAYS_SEARCH_USER_PATHS = NO;
				CLANG_ANALYZER_NONNULL = YES;
				CLANG_ANALYZER_NUMBER_OBJECT_CONVERSION = YES_AGGRESSIVE;
				CLANG_CXX_LANGUAGE_STANDARD = "gnu++14";
				CLANG_CXX_LIBRARY = "libc++";
				CLANG_ENABLE_MODULES = YES;
				CLANG_ENABLE_OBJC_ARC = YES;
				CLANG_ENABLE_OBJC_WEAK = YES;
				CLANG_WARN_BLOCK_CAPTURE_AUTORELEASING = YES;
				CLANG_WARN_BOOL_CONVERSION = YES;
				CLANG_WARN_COMMA = YES;
				CLANG_WARN_CONSTANT_CONVERSION = YES;
				CLANG_WARN_DEPRECATED_OBJC_IMPLEMENTATIONS = YES;
				CLANG_WARN_DIRECT_OBJC_ISA_USAGE = YES_ERROR;
				CLANG_WARN_DOCUMENTATION_COMMENTS = YES;
				CLANG_WARN_EMPTY_BODY = YES;
				CLANG_WARN_ENUM_CONVERSION = YES;
				CLANG_WARN_INFINITE_RECURSION = YES;
				CLANG_WARN_INT_CONVERSION = YES;
				CLANG_WARN_NON_LITERAL_NULL_CONVERSION = YES;
				CLANG_WARN_OBJC_IMPLICIT_RETAIN_SELF = YES;
				CLANG_WARN_OBJC_LITERAL_CONVERSION = YES;
				CLANG_WARN_OBJC_ROOT_CLASS = YES_ERROR;
				CLANG_WARN_QUOTED_INCLUDE_IN_FRAMEWORK_HEADER = YES;
				CLANG_WARN_RANGE_LOOP_ANALYSIS = YES;
				CLANG_WARN_STRICT_PROTOTYPES = YES;
				CLANG_WARN_SUSPICIOUS_MOVE = YES;
				CLANG_WARN_UNGUARDED_AVAILABILITY = YES_AGGRESSIVE;
				CLANG_WARN_UNREACHABLE_CODE = YES;
				CLANG_WARN__DUPLICATE_METHOD_MATCH = YES;
				COPY_PHASE_STRIP = NO;
				DEBUG_INFORMATION_FORMAT = dwarf;
				ENABLE_STRICT_OBJC_MSGSEND = YES;
				ENABLE_TESTABILITY = YES;
				GCC_C_LANGUAGE_STANDARD = gnu11;
				GCC_DYNAMIC_NO_PIC = NO;
				GCC_NO_COMMON_BLOCKS = YES;
				GCC_OPTIMIZATION_LEVEL = 0;
				GCC_PREPROCESSOR_DEFINITIONS = (
					"DEBUG=1",
					"$(inherited)",
				);
				GCC_WARN_64_TO_32_BIT_CONVERSION = YES;
				GCC_WARN_ABOUT_RETURN_TYPE = YES_ERROR;
				GCC_WARN_UNDECLARED_SELECTOR = YES;
				GCC_WARN_UNINITIALIZED_AUTOS = YES_AGGRESSIVE;
				GCC_WARN_UNUSED_FUNCTION = YES;
				GCC_WARN_UNUSED_VARIABLE = YES;
				IPHONEOS_DEPLOYMENT_TARGET = 13.4;
				MTL_ENABLE_DEBUG_INFO = INCLUDE_SOURCE;
				MTL_FAST_MATH = YES;
				ONLY_ACTIVE_ARCH = YES;
				SDKROOT = iphoneos;
				SWIFT_ACTIVE_COMPILATION_CONDITIONS = DEBUG;
				SWIFT_OPTIMIZATION_LEVEL = "-Onone";
			};
			name = Debug;
		};
		56734CDE26A15F88006EB938 /* Release */ = {
			isa = XCBuildConfiguration;
			buildSettings = {
				ALWAYS_SEARCH_USER_PATHS = NO;
				CLANG_ANALYZER_NONNULL = YES;
				CLANG_ANALYZER_NUMBER_OBJECT_CONVERSION = YES_AGGRESSIVE;
				CLANG_CXX_LANGUAGE_STANDARD = "gnu++14";
				CLANG_CXX_LIBRARY = "libc++";
				CLANG_ENABLE_MODULES = YES;
				CLANG_ENABLE_OBJC_ARC = YES;
				CLANG_ENABLE_OBJC_WEAK = YES;
				CLANG_WARN_BLOCK_CAPTURE_AUTORELEASING = YES;
				CLANG_WARN_BOOL_CONVERSION = YES;
				CLANG_WARN_COMMA = YES;
				CLANG_WARN_CONSTANT_CONVERSION = YES;
				CLANG_WARN_DEPRECATED_OBJC_IMPLEMENTATIONS = YES;
				CLANG_WARN_DIRECT_OBJC_ISA_USAGE = YES_ERROR;
				CLANG_WARN_DOCUMENTATION_COMMENTS = YES;
				CLANG_WARN_EMPTY_BODY = YES;
				CLANG_WARN_ENUM_CONVERSION = YES;
				CLANG_WARN_INFINITE_RECURSION = YES;
				CLANG_WARN_INT_CONVERSION = YES;
				CLANG_WARN_NON_LITERAL_NULL_CONVERSION = YES;
				CLANG_WARN_OBJC_IMPLICIT_RETAIN_SELF = YES;
				CLANG_WARN_OBJC_LITERAL_CONVERSION = YES;
				CLANG_WARN_OBJC_ROOT_CLASS = YES_ERROR;
				CLANG_WARN_QUOTED_INCLUDE_IN_FRAMEWORK_HEADER = YES;
				CLANG_WARN_RANGE_LOOP_ANALYSIS = YES;
				CLANG_WARN_STRICT_PROTOTYPES = YES;
				CLANG_WARN_SUSPICIOUS_MOVE = YES;
				CLANG_WARN_UNGUARDED_AVAILABILITY = YES_AGGRESSIVE;
				CLANG_WARN_UNREACHABLE_CODE = YES;
				CLANG_WARN__DUPLICATE_METHOD_MATCH = YES;
				COPY_PHASE_STRIP = NO;
				DEBUG_INFORMATION_FORMAT = "dwarf-with-dsym";
				ENABLE_NS_ASSERTIONS = NO;
				ENABLE_STRICT_OBJC_MSGSEND = YES;
				GCC_C_LANGUAGE_STANDARD = gnu11;
				GCC_NO_COMMON_BLOCKS = YES;
				GCC_WARN_64_TO_32_BIT_CONVERSION = YES;
				GCC_WARN_ABOUT_RETURN_TYPE = YES_ERROR;
				GCC_WARN_UNDECLARED_SELECTOR = YES;
				GCC_WARN_UNINITIALIZED_AUTOS = YES_AGGRESSIVE;
				GCC_WARN_UNUSED_FUNCTION = YES;
				GCC_WARN_UNUSED_VARIABLE = YES;
				IPHONEOS_DEPLOYMENT_TARGET = 13.4;
				MTL_ENABLE_DEBUG_INFO = NO;
				MTL_FAST_MATH = YES;
				SDKROOT = iphoneos;
				SWIFT_COMPILATION_MODE = wholemodule;
				SWIFT_OPTIMIZATION_LEVEL = "-O";
				VALIDATE_PRODUCT = YES;
			};
			name = Release;
		};
		56734CE026A15F88006EB938 /* Debug */ = {
			isa = XCBuildConfiguration;
			baseConfigurationReference = 5ABE1146437B20F335C6115E /* Pods-Todays_Cafe.debug.xcconfig */;
			buildSettings = {
				ASSETCATALOG_COMPILER_APPICON_NAME = AppIcon;
				ASSETCATALOG_COMPILER_GLOBAL_ACCENT_COLOR_NAME = AccentColor;
				CODE_SIGN_STYLE = Automatic;
				DEVELOPMENT_TEAM = "";
				INFOPLIST_FILE = TodaysCafe/Resource/Info.plist;
				LD_RUNPATH_SEARCH_PATHS = (
					"$(inherited)",
					"@executable_path/Frameworks",
				);
				PRODUCT_BUNDLE_IDENTIFIER = "seungmin.Todays-Cafe";
				PRODUCT_NAME = "$(TARGET_NAME)";
				SWIFT_VERSION = 5.0;
				TARGETED_DEVICE_FAMILY = "1,2";
			};
			name = Debug;
		};
		56734CE126A15F88006EB938 /* Release */ = {
			isa = XCBuildConfiguration;
			baseConfigurationReference = B4BB02AA72C42A975256BE27 /* Pods-Todays_Cafe.release.xcconfig */;
			buildSettings = {
				ASSETCATALOG_COMPILER_APPICON_NAME = AppIcon;
				ASSETCATALOG_COMPILER_GLOBAL_ACCENT_COLOR_NAME = AccentColor;
				CODE_SIGN_STYLE = Automatic;
				DEVELOPMENT_TEAM = "";
				INFOPLIST_FILE = TodaysCafe/Resource/Info.plist;
				LD_RUNPATH_SEARCH_PATHS = (
					"$(inherited)",
					"@executable_path/Frameworks",
				);
				PRODUCT_BUNDLE_IDENTIFIER = "seungmin.Todays-Cafe";
				PRODUCT_NAME = "$(TARGET_NAME)";
				SWIFT_VERSION = 5.0;
				TARGETED_DEVICE_FAMILY = "1,2";
			};
			name = Release;
		};
/* End XCBuildConfiguration section */

/* Begin XCConfigurationList section */
		56734CC626A15F87006EB938 /* Build configuration list for PBXProject "TodaysCafe" */ = {
			isa = XCConfigurationList;
			buildConfigurations = (
				56734CDD26A15F88006EB938 /* Debug */,
				56734CDE26A15F88006EB938 /* Release */,
			);
			defaultConfigurationIsVisible = 0;
			defaultConfigurationName = Release;
		};
		56734CDF26A15F88006EB938 /* Build configuration list for PBXNativeTarget "Todays_Cafe" */ = {
			isa = XCConfigurationList;
			buildConfigurations = (
				56734CE026A15F88006EB938 /* Debug */,
				56734CE126A15F88006EB938 /* Release */,
			);
			defaultConfigurationIsVisible = 0;
			defaultConfigurationName = Release;
		};
/* End XCConfigurationList section */

/* Begin XCVersionGroup section */
		56A1BB2126DF680A004F790A /* RecentSearchTagModel.xcdatamodeld */ = {
			isa = XCVersionGroup;
			children = (
				56A1BB2226DF680A004F790A /* RecentSearchTagMoel.xcdatamodel */,
			);
			currentVersion = 56A1BB2226DF680A004F790A /* RecentSearchTagMoel.xcdatamodel */;
			path = RecentSearchTagModel.xcdatamodeld;
			sourceTree = "<group>";
			versionGroupType = wrapper.xcdatamodel;
		};
/* End XCVersionGroup section */
	};
	rootObject = 56734CC326A15F87006EB938 /* Project object */;
}
